// !$*UTF8*$!
{
	archiveVersion = 1;
	classes = {
	};
	objectVersion = 50;
	objects = {

/* Begin PBXBuildFile section */
		47DB115A218A201C00BA91AF /* AppDelegate.swift in Sources */ = {isa = PBXBuildFile; fileRef = 47DB1159218A201C00BA91AF /* AppDelegate.swift */; };
		47DB115C218A201C00BA91AF /* ViewController.swift in Sources */ = {isa = PBXBuildFile; fileRef = 47DB115B218A201C00BA91AF /* ViewController.swift */; };
		47DB115F218A201C00BA91AF /* Main.storyboard in Resources */ = {isa = PBXBuildFile; fileRef = 47DB115D218A201C00BA91AF /* Main.storyboard */; };
		47DB1161218A201E00BA91AF /* Assets.xcassets in Resources */ = {isa = PBXBuildFile; fileRef = 47DB1160218A201E00BA91AF /* Assets.xcassets */; };
		47DB1164218A201E00BA91AF /* LaunchScreen.storyboard in Resources */ = {isa = PBXBuildFile; fileRef = 47DB1162218A201E00BA91AF /* LaunchScreen.storyboard */; };
		47DB116F218A201E00BA91AF /* cambioMonedaTests.swift in Sources */ = {isa = PBXBuildFile; fileRef = 47DB116E218A201E00BA91AF /* cambioMonedaTests.swift */; };
		47DB117A218A201E00BA91AF /* cambioMonedaUITests.swift in Sources */ = {isa = PBXBuildFile; fileRef = 47DB1179218A201E00BA91AF /* cambioMonedaUITests.swift */; };
/* End PBXBuildFile section */

/* Begin PBXContainerItemProxy section */
		47DB116B218A201E00BA91AF /* PBXContainerItemProxy */ = {
			isa = PBXContainerItemProxy;
			containerPortal = 47DB114E218A201C00BA91AF /* Project object */;
			proxyType = 1;
			remoteGlobalIDString = 47DB1155218A201C00BA91AF;
			remoteInfo = cambioMoneda;
		};
		47DB1176218A201E00BA91AF /* PBXContainerItemProxy */ = {
			isa = PBXContainerItemProxy;
			containerPortal = 47DB114E218A201C00BA91AF /* Project object */;
			proxyType = 1;
			remoteGlobalIDString = 47DB1155218A201C00BA91AF;
			remoteInfo = cambioMoneda;
		};
/* End PBXContainerItemProxy section */

/* Begin PBXFileReference section */
		47DB1156218A201C00BA91AF /* cambioMoneda.app */ = {isa = PBXFileReference; explicitFileType = wrapper.application; includeInIndex = 0; path = cambioMoneda.app; sourceTree = BUILT_PRODUCTS_DIR; };
		47DB1159218A201C00BA91AF /* AppDelegate.swift */ = {isa = PBXFileReference; lastKnownFileType = sourcecode.swift; path = AppDelegate.swift; sourceTree = "<group>"; };
		47DB115B218A201C00BA91AF /* ViewController.swift */ = {isa = PBXFileReference; lastKnownFileType = sourcecode.swift; path = ViewController.swift; sourceTree = "<group>"; };
		47DB115E218A201C00BA91AF /* Base */ = {isa = PBXFileReference; lastKnownFileType = file.storyboard; name = Base; path = Base.lproj/Main.storyboard; sourceTree = "<group>"; };
		47DB1160218A201E00BA91AF /* Assets.xcassets */ = {isa = PBXFileReference; lastKnownFileType = folder.assetcatalog; path = Assets.xcassets; sourceTree = "<group>"; };
		47DB1163218A201E00BA91AF /* Base */ = {isa = PBXFileReference; lastKnownFileType = file.storyboard; name = Base; path = Base.lproj/LaunchScreen.storyboard; sourceTree = "<group>"; };
		47DB1165218A201E00BA91AF /* Info.plist */ = {isa = PBXFileReference; lastKnownFileType = text.plist.xml; path = Info.plist; sourceTree = "<group>"; };
		47DB116A218A201E00BA91AF /* cambioMonedaTests.xctest */ = {isa = PBXFileReference; explicitFileType = wrapper.cfbundle; includeInIndex = 0; path = cambioMonedaTests.xctest; sourceTree = BUILT_PRODUCTS_DIR; };
		47DB116E218A201E00BA91AF /* cambioMonedaTests.swift */ = {isa = PBXFileReference; lastKnownFileType = sourcecode.swift; path = cambioMonedaTests.swift; sourceTree = "<group>"; };
		47DB1170218A201E00BA91AF /* Info.plist */ = {isa = PBXFileReference; lastKnownFileType = text.plist.xml; path = Info.plist; sourceTree = "<group>"; };
		47DB1175218A201E00BA91AF /* cambioMonedaUITests.xctest */ = {isa = PBXFileReference; explicitFileType = wrapper.cfbundle; includeInIndex = 0; path = cambioMonedaUITests.xctest; sourceTree = BUILT_PRODUCTS_DIR; };
		47DB1179218A201E00BA91AF /* cambioMonedaUITests.swift */ = {isa = PBXFileReference; lastKnownFileType = sourcecode.swift; path = cambioMonedaUITests.swift; sourceTree = "<group>"; };
		47DB117B218A201E00BA91AF /* Info.plist */ = {isa = PBXFileReference; lastKnownFileType = text.plist.xml; path = Info.plist; sourceTree = "<group>"; };
/* End PBXFileReference section */

/* Begin PBXFrameworksBuildPhase section */
		47DB1153218A201C00BA91AF /* Frameworks */ = {
			isa = PBXFrameworksBuildPhase;
			buildActionMask = 2147483647;
			files = (
			);
			runOnlyForDeploymentPostprocessing = 0;
		};
		47DB1167218A201E00BA91AF /* Frameworks */ = {
			isa = PBXFrameworksBuildPhase;
			buildActionMask = 2147483647;
			files = (
			);
			runOnlyForDeploymentPostprocessing = 0;
		};
		47DB1172218A201E00BA91AF /* Frameworks */ = {
			isa = PBXFrameworksBuildPhase;
			buildActionMask = 2147483647;
			files = (
			);
			runOnlyForDeploymentPostprocessing = 0;
		};
/* End PBXFrameworksBuildPhase section */

/* Begin PBXGroup section */
		47DB114D218A201C00BA91AF = {
			isa = PBXGroup;
			children = (
				47DB1158218A201C00BA91AF /* cambioMoneda */,
				47DB116D218A201E00BA91AF /* cambioMonedaTests */,
				47DB1178218A201E00BA91AF /* cambioMonedaUITests */,
				47DB1157218A201C00BA91AF /* Products */,
			);
			sourceTree = "<group>";
		};
		47DB1157218A201C00BA91AF /* Products */ = {
			isa = PBXGroup;
			children = (
				47DB1156218A201C00BA91AF /* cambioMoneda.app */,
				47DB116A218A201E00BA91AF /* cambioMonedaTests.xctest */,
				47DB1175218A201E00BA91AF /* cambioMonedaUITests.xctest */,
			);
			name = Products;
			sourceTree = "<group>";
		};
		47DB1158218A201C00BA91AF /* cambioMoneda */ = {
			isa = PBXGroup;
			children = (
				47DB1159218A201C00BA91AF /* AppDelegate.swift */,
				47DB115B218A201C00BA91AF /* ViewController.swift */,
				47DB115D218A201C00BA91AF /* Main.storyboard */,
				47DB1160218A201E00BA91AF /* Assets.xcassets */,
				47DB1162218A201E00BA91AF /* LaunchScreen.storyboard */,
				47DB1165218A201E00BA91AF /* Info.plist */,
			);
			path = cambioMoneda;
			sourceTree = "<group>";
		};
		47DB116D218A201E00BA91AF /* cambioMonedaTests */ = {
			isa = PBXGroup;
			children = (
				47DB116E218A201E00BA91AF /* cambioMonedaTests.swift */,
				47DB1170218A201E00BA91AF /* Info.plist */,
			);
			path = cambioMonedaTests;
			sourceTree = "<group>";
		};
		47DB1178218A201E00BA91AF /* cambioMonedaUITests */ = {
			isa = PBXGroup;
			children = (
				47DB1179218A201E00BA91AF /* cambioMonedaUITests.swift */,
				47DB117B218A201E00BA91AF /* Info.plist */,
			);
			path = cambioMonedaUITests;
			sourceTree = "<group>";
		};
/* End PBXGroup section */

/* Begin PBXNativeTarget section */
		47DB1155218A201C00BA91AF /* cambioMoneda */ = {
			isa = PBXNativeTarget;
			buildConfigurationList = 47DB117E218A201E00BA91AF /* Build configuration list for PBXNativeTarget "cambioMoneda" */;
			buildPhases = (
				47DB1152218A201C00BA91AF /* Sources */,
				47DB1153218A201C00BA91AF /* Frameworks */,
				47DB1154218A201C00BA91AF /* Resources */,
			);
			buildRules = (
			);
			dependencies = (
			);
			name = cambioMoneda;
			productName = cambioMoneda;
			productReference = 47DB1156218A201C00BA91AF /* cambioMoneda.app */;
			productType = "com.apple.product-type.application";
		};
		47DB1169218A201E00BA91AF /* cambioMonedaTests */ = {
			isa = PBXNativeTarget;
			buildConfigurationList = 47DB1181218A201E00BA91AF /* Build configuration list for PBXNativeTarget "cambioMonedaTests" */;
			buildPhases = (
				47DB1166218A201E00BA91AF /* Sources */,
				47DB1167218A201E00BA91AF /* Frameworks */,
				47DB1168218A201E00BA91AF /* Resources */,
			);
			buildRules = (
			);
			dependencies = (
				47DB116C218A201E00BA91AF /* PBXTargetDependency */,
			);
			name = cambioMonedaTests;
			productName = cambioMonedaTests;
			productReference = 47DB116A218A201E00BA91AF /* cambioMonedaTests.xctest */;
			productType = "com.apple.product-type.bundle.unit-test";
		};
		47DB1174218A201E00BA91AF /* cambioMonedaUITests */ = {
			isa = PBXNativeTarget;
			buildConfigurationList = 47DB1184218A201E00BA91AF /* Build configuration list for PBXNativeTarget "cambioMonedaUITests" */;
			buildPhases = (
				47DB1171218A201E00BA91AF /* Sources */,
				47DB1172218A201E00BA91AF /* Frameworks */,
				47DB1173218A201E00BA91AF /* Resources */,
			);
			buildRules = (
			);
			dependencies = (
				47DB1177218A201E00BA91AF /* PBXTargetDependency */,
			);
			name = cambioMonedaUITests;
			productName = cambioMonedaUITests;
			productReference = 47DB1175218A201E00BA91AF /* cambioMonedaUITests.xctest */;
			productType = "com.apple.product-type.bundle.ui-testing";
		};
/* End PBXNativeTarget section */

/* Begin PBXProject section */
		47DB114E218A201C00BA91AF /* Project object */ = {
			isa = PBXProject;
			attributes = {
				LastSwiftUpdateCheck = 1000;
				LastUpgradeCheck = 1000;
				ORGANIZATIONNAME = "Jesus Miguel Garcia";
				TargetAttributes = {
					47DB1155218A201C00BA91AF = {
						CreatedOnToolsVersion = 10.0;
					};
					47DB1169218A201E00BA91AF = {
						CreatedOnToolsVersion = 10.0;
						TestTargetID = 47DB1155218A201C00BA91AF;
					};
					47DB1174218A201E00BA91AF = {
						CreatedOnToolsVersion = 10.0;
						TestTargetID = 47DB1155218A201C00BA91AF;
					};
				};
			};
			buildConfigurationList = 47DB1151218A201C00BA91AF /* Build configuration list for PBXProject "cambioMoneda" */;
			compatibilityVersion = "Xcode 9.3";
			developmentRegion = en;
			hasScannedForEncodings = 0;
			knownRegions = (
				en,
				Base,
			);
			mainGroup = 47DB114D218A201C00BA91AF;
			productRefGroup = 47DB1157218A201C00BA91AF /* Products */;
			projectDirPath = "";
			projectRoot = "";
			targets = (
				47DB1155218A201C00BA91AF /* cambioMoneda */,
				47DB1169218A201E00BA91AF /* cambioMonedaTests */,
				47DB1174218A201E00BA91AF /* cambioMonedaUITests */,
			);
		};
/* End PBXProject section */

/* Begin PBXResourcesBuildPhase section */
		47DB1154218A201C00BA91AF /* Resources */ = {
			isa = PBXResourcesBuildPhase;
			buildActionMask = 2147483647;
			files = (
				47DB1164218A201E00BA91AF /* LaunchScreen.storyboard in Resources */,
				47DB1161218A201E00BA91AF /* Assets.xcassets in Resources */,
				47DB115F218A201C00BA91AF /* Main.storyboard in Resources */,
			);
			runOnlyForDeploymentPostprocessing = 0;
		};
		47DB1168218A201E00BA91AF /* Resources */ = {
			isa = PBXResourcesBuildPhase;
			buildActionMask = 2147483647;
			files = (
			);
			runOnlyForDeploymentPostprocessing = 0;
		};
		47DB1173218A201E00BA91AF /* Resources */ = {
			isa = PBXResourcesBuildPhase;
			buildActionMask = 2147483647;
			files = (
			);
			runOnlyForDeploymentPostprocessing = 0;
		};
/* End PBXResourcesBuildPhase section */

/* Begin PBXSourcesBuildPhase section */
		47DB1152218A201C00BA91AF /* Sources */ = {
			isa = PBXSourcesBuildPhase;
			buildActionMask = 2147483647;
			files = (
				47DB115C218A201C00BA91AF /* ViewController.swift in Sources */,
				47DB115A218A201C00BA91AF /* AppDelegate.swift in Sources */,
			);
			runOnlyForDeploymentPostprocessing = 0;
		};
		47DB1166218A201E00BA91AF /* Sources */ = {
			isa = PBXSourcesBuildPhase;
			buildActionMask = 2147483647;
			files = (
				47DB116F218A201E00BA91AF /* cambioMonedaTests.swift in Sources */,
			);
			runOnlyForDeploymentPostprocessing = 0;
		};
		47DB1171218A201E00BA91AF /* Sources */ = {
			isa = PBXSourcesBuildPhase;
			buildActionMask = 2147483647;
			files = (
				47DB117A218A201E00BA91AF /* cambioMonedaUITests.swift in Sources */,
			);
			runOnlyForDeploymentPostprocessing = 0;
		};
/* End PBXSourcesBuildPhase section */

/* Begin PBXTargetDependency section */
		47DB116C218A201E00BA91AF /* PBXTargetDependency */ = {
			isa = PBXTargetDependency;
			target = 47DB1155218A201C00BA91AF /* cambioMoneda */;
			targetProxy = 47DB116B218A201E00BA91AF /* PBXContainerItemProxy */;
		};
		47DB1177218A201E00BA91AF /* PBXTargetDependency */ = {
			isa = PBXTargetDependency;
			target = 47DB1155218A201C00BA91AF /* cambioMoneda */;
			targetProxy = 47DB1176218A201E00BA91AF /* PBXContainerItemProxy */;
		};
/* End PBXTargetDependency section */

/* Begin PBXVariantGroup section */
		47DB115D218A201C00BA91AF /* Main.storyboard */ = {
			isa = PBXVariantGroup;
			children = (
				47DB115E218A201C00BA91AF /* Base */,
			);
			name = Main.storyboard;
			sourceTree = "<group>";
		};
		47DB1162218A201E00BA91AF /* LaunchScreen.storyboard */ = {
			isa = PBXVariantGroup;
			children = (
				47DB1163218A201E00BA91AF /* Base */,
			);
			name = LaunchScreen.storyboard;
			sourceTree = "<group>";
		};
/* End PBXVariantGroup section */

/* Begin XCBuildConfiguration section */
		47DB117C218A201E00BA91AF /* Debug */ = {
			isa = XCBuildConfiguration;
			buildSettings = {
				ALWAYS_SEARCH_USER_PATHS = NO;
				CLANG_ANALYZER_NONNULL = YES;
				CLANG_ANALYZER_NUMBER_OBJECT_CONVERSION = YES_AGGRESSIVE;
				CLANG_CXX_LANGUAGE_STANDARD = "gnu++14";
				CLANG_CXX_LIBRARY = "libc++";
				CLANG_ENABLE_MODULES = YES;
				CLANG_ENABLE_OBJC_ARC = YES;
				CLANG_ENABLE_OBJC_WEAK = YES;
				CLANG_WARN_BLOCK_CAPTURE_AUTORELEASING = YES;
				CLANG_WARN_BOOL_CONVERSION = YES;
				CLANG_WARN_COMMA = YES;
				CLANG_WARN_CONSTANT_CONVERSION = YES;
				CLANG_WARN_DEPRECATED_OBJC_IMPLEMENTATIONS = YES;
				CLANG_WARN_DIRECT_OBJC_ISA_USAGE = YES_ERROR;
				CLANG_WARN_DOCUMENTATION_COMMENTS = YES;
				CLANG_WARN_EMPTY_BODY = YES;
				CLANG_WARN_ENUM_CONVERSION = YES;
				CLANG_WARN_INFINITE_RECURSION = YES;
				CLANG_WARN_INT_CONVERSION = YES;
				CLANG_WARN_NON_LITERAL_NULL_CONVERSION = YES;
				CLANG_WARN_OBJC_IMPLICIT_RETAIN_SELF = YES;
				CLANG_WARN_OBJC_LITERAL_CONVERSION = YES;
				CLANG_WARN_OBJC_ROOT_CLASS = YES_ERROR;
				CLANG_WARN_RANGE_LOOP_ANALYSIS = YES;
				CLANG_WARN_STRICT_PROTOTYPES = YES;
				CLANG_WARN_SUSPICIOUS_MOVE = YES;
				CLANG_WARN_UNGUARDED_AVAILABILITY = YES_AGGRESSIVE;
				CLANG_WARN_UNREACHABLE_CODE = YES;
				CLANG_WARN__DUPLICATE_METHOD_MATCH = YES;
				CODE_SIGN_IDENTITY = "iPhone Developer";
				COPY_PHASE_STRIP = NO;
				DEBUG_INFORMATION_FORMAT = dwarf;
				ENABLE_STRICT_OBJC_MSGSEND = YES;
				ENABLE_TESTABILITY = YES;
				GCC_C_LANGUAGE_STANDARD = gnu11;
				GCC_DYNAMIC_NO_PIC = NO;
				GCC_NO_COMMON_BLOCKS = YES;
				GCC_OPTIMIZATION_LEVEL = 0;
				GCC_PREPROCESSOR_DEFINITIONS = (
					"DEBUG=1",
					"$(inherited)",
				);
				GCC_WARN_64_TO_32_BIT_CONVERSION = YES;
				GCC_WARN_ABOUT_RETURN_TYPE = YES_ERROR;
				GCC_WARN_UNDECLARED_SELECTOR = YES;
				GCC_WARN_UNINITIALIZED_AUTOS = YES_AGGRESSIVE;
				GCC_WARN_UNUSED_FUNCTION = YES;
				GCC_WARN_UNUSED_VARIABLE = YES;
				IPHONEOS_DEPLOYMENT_TARGET = 12.0;
				MTL_ENABLE_DEBUG_INFO = INCLUDE_SOURCE;
				MTL_FAST_MATH = YES;
				ONLY_ACTIVE_ARCH = YES;
				SDKROOT = iphoneos;
				SWIFT_ACTIVE_COMPILATION_CONDITIONS = DEBUG;
				SWIFT_OPTIMIZATION_LEVEL = "-Onone";
			};
			name = Debug;
		};
		47DB117D218A201E00BA91AF /* Release */ = {
			isa = XCBuildConfiguration;
			buildSettings = {
				ALWAYS_SEARCH_USER_PATHS = NO;
				CLANG_ANALYZER_NONNULL = YES;
				CLANG_ANALYZER_NUMBER_OBJECT_CONVERSION = YES_AGGRESSIVE;
				CLANG_CXX_LANGUAGE_STANDARD = "gnu++14";
				CLANG_CXX_LIBRARY = "libc++";
				CLANG_ENABLE_MODULES = YES;
				CLANG_ENABLE_OBJC_ARC = YES;
				CLANG_ENABLE_OBJC_WEAK = YES;
				CLANG_WARN_BLOCK_CAPTURE_AUTORELEASING = YES;
				CLANG_WARN_BOOL_CONVERSION = YES;
				CLANG_WARN_COMMA = YES;
				CLANG_WARN_CONSTANT_CONVERSION = YES;
				CLANG_WARN_DEPRECATED_OBJC_IMPLEMENTATIONS = YES;
				CLANG_WARN_DIRECT_OBJC_ISA_USAGE = YES_ERROR;
				CLANG_WARN_DOCUMENTATION_COMMENTS = YES;
				CLANG_WARN_EMPTY_BODY = YES;
				CLANG_WARN_ENUM_CONVERSION = YES;
				CLANG_WARN_INFINITE_RECURSION = YES;
				CLANG_WARN_INT_CONVERSION = YES;
				CLANG_WARN_NON_LITERAL_NULL_CONVERSION = YES;
				CLANG_WARN_OBJC_IMPLICIT_RETAIN_SELF = YES;
				CLANG_WARN_OBJC_LITERAL_CONVERSION = YES;
				CLANG_WARN_OBJC_ROOT_CLASS = YES_ERROR;
				CLANG_WARN_RANGE_LOOP_ANALYSIS = YES;
				CLANG_WARN_STRICT_PROTOTYPES = YES;
				CLANG_WARN_SUSPICIOUS_MOVE = YES;
				CLANG_WARN_UNGUARDED_AVAILABILITY = YES_AGGRESSIVE;
				CLANG_WARN_UNREACHABLE_CODE = YES;
				CLANG_WARN__DUPLICATE_METHOD_MATCH = YES;
				CODE_SIGN_IDENTITY = "iPhone Developer";
				COPY_PHASE_STRIP = NO;
				DEBUG_INFORMATION_FORMAT = "dwarf-with-dsym";
				ENABLE_NS_ASSERTIONS = NO;
				ENABLE_STRICT_OBJC_MSGSEND = YES;
				GCC_C_LANGUAGE_STANDARD = gnu11;
				GCC_NO_COMMON_BLOCKS = YES;
				GCC_WARN_64_TO_32_BIT_CONVERSION = YES;
				GCC_WARN_ABOUT_RETURN_TYPE = YES_ERROR;
				GCC_WARN_UNDECLARED_SELECTOR = YES;
				GCC_WARN_UNINITIALIZED_AUTOS = YES_AGGRESSIVE;
				GCC_WARN_UNUSED_FUNCTION = YES;
				GCC_WARN_UNUSED_VARIABLE = YES;
				IPHONEOS_DEPLOYMENT_TARGET = 12.0;
				MTL_ENABLE_DEBUG_INFO = NO;
				MTL_FAST_MATH = YES;
				SDKROOT = iphoneos;
				SWIFT_COMPILATION_MODE = wholemodule;
				SWIFT_OPTIMIZATION_LEVEL = "-O";
				VALIDATE_PRODUCT = YES;
			};
			name = Release;
		};
		47DB117F218A201E00BA91AF /* Debug */ = {
			isa = XCBuildConfiguration;
			buildSettings = {
				ASSETCATALOG_COMPILER_APPICON_NAME = AppIcon;
				CODE_SIGN_STYLE = Automatic;
				INFOPLIST_FILE = cambioMoneda/Info.plist;
				LD_RUNPATH_SEARCH_PATHS = (
					"$(inherited)",
					"@executable_path/Frameworks",
				);
				PRODUCT_BUNDLE_IDENTIFIER = jgarcia.com.cambioMoneda;
				PRODUCT_NAME = "$(TARGET_NAME)";
				SWIFT_VERSION = 4.2;
				TARGETED_DEVICE_FAMILY = "1,2";
			};
			name = Debug;
		};
		47DB1180218A201E00BA91AF /* Release */ = {
			isa = XCBuildConfiguration;
			buildSettings = {
				ASSETCATALOG_COMPILER_APPICON_NAME = AppIcon;
				CODE_SIGN_STYLE = Automatic;
				INFOPLIST_FILE = cambioMoneda/Info.plist;
				LD_RUNPATH_SEARCH_PATHS = (
					"$(inherited)",
					"@executable_path/Frameworks",
				);
				PRODUCT_BUNDLE_IDENTIFIER = jgarcia.com.cambioMoneda;
				PRODUCT_NAME = "$(TARGET_NAME)";
				SWIFT_VERSION = 4.2;
				TARGETED_DEVICE_FAMILY = "1,2";
			};
			name = Release;
		};
		47DB1182218A201E00BA91AF /* Debug */ = {
			isa = XCBuildConfiguration;
			buildSettings = {
				ALWAYS_EMBED_SWIFT_STANDARD_LIBRARIES = YES;
				BUNDLE_LOADER = "$(TEST_HOST)";
				CODE_SIGN_STYLE = Automatic;
				INFOPLIST_FILE = cambioMonedaTests/Info.plist;
				LD_RUNPATH_SEARCH_PATHS = (
					"$(inherited)",
					"@executable_path/Frameworks",
					"@loader_path/Frameworks",
				);
				PRODUCT_BUNDLE_IDENTIFIER = jgarcia.com.cambioMonedaTests;
				PRODUCT_NAME = "$(TARGET_NAME)";
				SWIFT_VERSION = 4.2;
				TARGETED_DEVICE_FAMILY = "1,2";
				TEST_HOST = "$(BUILT_PRODUCTS_DIR)/cambioMoneda.app/cambioMoneda";
			};
			name = Debug;
		};
		47DB1183218A201E00BA91AF /* Release */ = {
			isa = XCBuildConfiguration;
			buildSettings = {
				ALWAYS_EMBED_SWIFT_STANDARD_LIBRARIES = YES;
				BUNDLE_LOADER = "$(TEST_HOST)";
				CODE_SIGN_STYLE = Automatic;
				INFOPLIST_FILE = cambioMonedaTests/Info.plist;
				LD_RUNPATH_SEARCH_PATHS = (
					"$(inherited)",
					"@executable_path/Frameworks",
					"@loader_path/Frameworks",
				);
				PRODUCT_BUNDLE_IDENTIFIER = jgarcia.com.cambioMonedaTests;
				PRODUCT_NAME = "$(TARGET_NAME)";
				SWIFT_VERSION = 4.2;
				TARGETED_DEVICE_FAMILY = "1,2";
				TEST_HOST = "$(BUILT_PRODUCTS_DIR)/cambioMoneda.app/cambioMoneda";
			};
			name = Release;
		};
		47DB1185218A201E00BA91AF /* Debug */ = {
			isa = XCBuildConfiguration;
			buildSettings = {
				ALWAYS_EMBED_SWIFT_STANDARD_LIBRARIES = YES;
				CODE_SIGN_STYLE = Automatic;
				INFOPLIST_FILE = cambioMonedaUITests/Info.plist;
				LD_RUNPATH_SEARCH_PATHS = (
					"$(inherited)",
					"@executable_path/Frameworks",
					"@loader_path/Frameworks",
				);
				PRODUCT_BUNDLE_IDENTIFIER = jgarcia.com.cambioMonedaUITests;
				PRODUCT_NAME = "$(TARGET_NAME)";
				SWIFT_VERSION = 4.2;
				TARGETED_DEVICE_FAMILY = "1,2";
				TEST_TARGET_NAME = cambioMoneda;
			};
			name = Debug;
		};
		47DB1186218A201E00BA91AF /* Release */ = {
			isa = XCBuildConfiguration;
			buildSettings = {
				ALWAYS_EMBED_SWIFT_STANDARD_LIBRARIES = YES;
				CODE_SIGN_STYLE = Automatic;
				INFOPLIST_FILE = cambioMonedaUITests/Info.plist;
				LD_RUNPATH_SEARCH_PATHS = (
					"$(inherited)",
					"@executable_path/Frameworks",
					"@loader_path/Frameworks",
				);
				PRODUCT_BUNDLE_IDENTIFIER = jgarcia.com.cambioMonedaUITests;
				PRODUCT_NAME = "$(TARGET_NAME)";
				SWIFT_VERSION = 4.2;
				TARGETED_DEVICE_FAMILY = "1,2";
				TEST_TARGET_NAME = cambioMoneda;
			};
			name = Release;
		};
/* End XCBuildConfiguration section */

/* Begin XCConfigurationList section */
		47DB1151218A201C00BA91AF /* Build configuration list for PBXProject "cambioMoneda" */ = {
			isa = XCConfigurationList;
			buildConfigurations = (
				47DB117C218A201E00BA91AF /* Debug */,
				47DB117D218A201E00BA91AF /* Release */,
			);
			defaultConfigurationIsVisible = 0;
			defaultConfigurationName = Release;
		};
		47DB117E218A201E00BA91AF /* Build configuration list for PBXNativeTarget "cambioMoneda" */ = {
			isa = XCConfigurationList;
			buildConfigurations = (
				47DB117F218A201E00BA91AF /* Debug */,
				47DB1180218A201E00BA91AF /* Release */,
			);
			defaultConfigurationIsVisible = 0;
			defaultConfigurationName = Release;
		};
		47DB1181218A201E00BA91AF /* Build configuration list for PBXNativeTarget "cambioMonedaTests" */ = {
			isa = XCConfigurationList;
			buildConfigurations = (
				47DB1182218A201E00BA91AF /* Debug */,
				47DB1183218A201E00BA91AF /* Release */,
			);
			defaultConfigurationIsVisible = 0;
			defaultConfigurationName = Release;
		};
		47DB1184218A201E00BA91AF /* Build configuration list for PBXNativeTarget "cambioMonedaUITests" */ = {
			isa = XCConfigurationList;
			buildConfigurations = (
				47DB1185218A201E00BA91AF /* Debug */,
				47DB1186218A201E00BA91AF /* Release */,
			);
			defaultConfigurationIsVisible = 0;
			defaultConfigurationName = Release;
		};
/* End XCConfigurationList section */
	};
	rootObject = 47DB114E218A201C00BA91AF /* Project object */;
}
